lockfileVersion: '9.0'

settings:
  autoInstallPeers: true
  excludeLinksFromLockfile: false

importers:

  .:
    devDependencies:
      find:
        specifier: ^0.3.0
        version: 0.3.0
      uglify-js:
        specifier: ^3.19.3
        version: 3.19.3

packages:

  find@0.3.0:
    resolution: {integrity: sha512-iSd+O4OEYV/I36Zl8MdYJO0xD82wH528SaCieTVHhclgiYNe9y+yPKSwK+A7/WsmHL1EZ+pYUJBXWTL5qofksw==}

  traverse-chain@0.1.0:
    resolution: {integrity: sha512-up6Yvai4PYKhpNp5PkYtx50m3KbwQrqDwbuZP/ItyL64YEWHAvH6Md83LFLV/GRSk/BoUVwwgUzX6SOQSbsfAg==}

  uglify-js@3.19.3:
    resolution: {integrity: sha512-v3Xu+yuwBXisp6QYTcH4UbH+xYJXqnq2m/LtQVWKWzYc1iehYnLixoQDN9FH6/j9/oybfd6W9Ghwkl8+UMKTKQ==}
    engines: {node: '>=0.8.0'}
    hasBin: true

snapshots:

  find@0.3.0:
    dependencies:
      traverse-chain: 0.1.0

  traverse-chain@0.1.0: {}

  uglify-js@3.19.3: {}
